
Microsoft Visual Studio Solution File, Format Version 12.00
# Visual Studio Version 17
VisualStudioVersion = 17.0.31903.59
MinimumVisualStudioVersion = 10.0.40219.1
Project("{FAE04EC0-301F-11D3-BF4B-00C04F79EFBC}") = "API", "API\API.csproj", "{2EBD995F-7976-42D8-AD9C-6DA2A405A9C9}"
EndProject
Project("{FAE04EC0-301F-11D3-BF4B-00C04F79EFBC}") = "Application", "Application\Application.csproj", "{BC4B9921-6E2A-4C61-B4BB-D29C8D305914}"
EndProject
Project("{FAE04EC0-301F-11D3-BF4B-00C04F79EFBC}") = "Domain", "Domain\Domain.csproj", "{B26365ED-40A0-4354-B720-9FD281F63E57}"
EndProject
Project("{FAE04EC0-301F-11D3-BF4B-00C04F79EFBC}") = "Persistence", "Persistence\Persistence.csproj", "{C5E69899-FCBC-4F41-B5FE-6FC20FA1B2C3}"
EndProject
Global
	GlobalSection(SolutionConfigurationPlatforms) = preSolution
		Debug|Any CPU = Debug|Any CPU
		Debug|x64 = Debug|x64
		Debug|x86 = Debug|x86
		Release|Any CPU = Release|Any CPU
		Release|x64 = Release|x64
		Release|x86 = Release|x86
	EndGlobalSection
	GlobalSection(ProjectConfigurationPlatforms) = postSolution
		{2EBD995F-7976-42D8-AD9C-6DA2A405A9C9}.Debug|Any CPU.ActiveCfg = Debug|Any CPU
		{2EBD995F-7976-42D8-AD9C-6DA2A405A9C9}.Debug|Any CPU.Build.0 = Debug|Any CPU
		{2EBD995F-7976-42D8-AD9C-6DA2A405A9C9}.Debug|x64.ActiveCfg = Debug|Any CPU
		{2EBD995F-7976-42D8-AD9C-6DA2A405A9C9}.Debug|x64.Build.0 = Debug|Any CPU
		{2EBD995F-7976-42D8-AD9C-6DA2A405A9C9}.Debug|x86.ActiveCfg = Debug|Any CPU
		{2EBD995F-7976-42D8-AD9C-6DA2A405A9C9}.Debug|x86.Build.0 = Debug|Any CPU
		{2EBD995F-7976-42D8-AD9C-6DA2A405A9C9}.Release|Any CPU.ActiveCfg = Release|Any CPU
		{2EBD995F-7976-42D8-AD9C-6DA2A405A9C9}.Release|Any CPU.Build.0 = Release|Any CPU
		{2EBD995F-7976-42D8-AD9C-6DA2A405A9C9}.Release|x64.ActiveCfg = Release|Any CPU
		{2EBD995F-7976-42D8-AD9C-6DA2A405A9C9}.Release|x64.Build.0 = Release|Any CPU
		{2EBD995F-7976-42D8-AD9C-6DA2A405A9C9}.Release|x86.ActiveCfg = Release|Any CPU
		{2EBD995F-7976-42D8-AD9C-6DA2A405A9C9}.Release|x86.Build.0 = Release|Any CPU
		{BC4B9921-6E2A-4C61-B4BB-D29C8D305914}.Debug|Any CPU.ActiveCfg = Debug|Any CPU
		{BC4B9921-6E2A-4C61-B4BB-D29C8D305914}.Debug|Any CPU.Build.0 = Debug|Any CPU
		{BC4B9921-6E2A-4C61-B4BB-D29C8D305914}.Debug|x64.ActiveCfg = Debug|Any CPU
		{BC4B9921-6E2A-4C61-B4BB-D29C8D305914}.Debug|x64.Build.0 = Debug|Any CPU
		{BC4B9921-6E2A-4C61-B4BB-D29C8D305914}.Debug|x86.ActiveCfg = Debug|Any CPU
		{BC4B9921-6E2A-4C61-B4BB-D29C8D305914}.Debug|x86.Build.0 = Debug|Any CPU
		{BC4B9921-6E2A-4C61-B4BB-D29C8D305914}.Release|Any CPU.ActiveCfg = Release|Any CPU
		{BC4B9921-6E2A-4C61-B4BB-D29C8D305914}.Release|Any CPU.Build.0 = Release|Any CPU
		{BC4B9921-6E2A-4C61-B4BB-D29C8D305914}.Release|x64.ActiveCfg = Release|Any CPU
		{BC4B9921-6E2A-4C61-B4BB-D29C8D305914}.Release|x64.Build.0 = Release|Any CPU
		{BC4B9921-6E2A-4C61-B4BB-D29C8D305914}.Release|x86.ActiveCfg = Release|Any CPU
		{BC4B9921-6E2A-4C61-B4BB-D29C8D305914}.Release|x86.Build.0 = Release|Any CPU
		{B26365ED-40A0-4354-B720-9FD281F63E57}.Debug|Any CPU.ActiveCfg = Debug|Any CPU
		{B26365ED-40A0-4354-B720-9FD281F63E57}.Debug|Any CPU.Build.0 = Debug|Any CPU
		{B26365ED-40A0-4354-B720-9FD281F63E57}.Debug|x64.ActiveCfg = Debug|Any CPU
		{B26365ED-40A0-4354-B720-9FD281F63E57}.Debug|x64.Build.0 = Debug|Any CPU
		{B26365ED-40A0-4354-B720-9FD281F63E57}.Debug|x86.ActiveCfg = Debug|Any CPU
		{B26365ED-40A0-4354-B720-9FD281F63E57}.Debug|x86.Build.0 = Debug|Any CPU
		{B26365ED-40A0-4354-B720-9FD281F63E57}.Release|Any CPU.ActiveCfg = Release|Any CPU
		{B26365ED-40A0-4354-B720-9FD281F63E57}.Release|Any CPU.Build.0 = Release|Any CPU
		{B26365ED-40A0-4354-B720-9FD281F63E57}.Release|x64.ActiveCfg = Release|Any CPU
		{B26365ED-40A0-4354-B720-9FD281F63E57}.Release|x64.Build.0 = Release|Any CPU
		{B26365ED-40A0-4354-B720-9FD281F63E57}.Release|x86.ActiveCfg = Release|Any CPU
		{B26365ED-40A0-4354-B720-9FD281F63E57}.Release|x86.Build.0 = Release|Any CPU
		{C5E69899-FCBC-4F41-B5FE-6FC20FA1B2C3}.Debug|Any CPU.ActiveCfg = Debug|Any CPU
		{C5E69899-FCBC-4F41-B5FE-6FC20FA1B2C3}.Debug|Any CPU.Build.0 = Debug|Any CPU
		{C5E69899-FCBC-4F41-B5FE-6FC20FA1B2C3}.Debug|x64.ActiveCfg = Debug|Any CPU
		{C5E69899-FCBC-4F41-B5FE-6FC20FA1B2C3}.Debug|x64.Build.0 = Debug|Any CPU
		{C5E69899-FCBC-4F41-B5FE-6FC20FA1B2C3}.Debug|x86.ActiveCfg = Debug|Any CPU
		{C5E69899-FCBC-4F41-B5FE-6FC20FA1B2C3}.Debug|x86.Build.0 = Debug|Any CPU
		{C5E69899-FCBC-4F41-B5FE-6FC20FA1B2C3}.Release|Any CPU.ActiveCfg = Release|Any CPU
		{C5E69899-FCBC-4F41-B5FE-6FC20FA1B2C3}.Release|Any CPU.Build.0 = Release|Any CPU
		{C5E69899-FCBC-4F41-B5FE-6FC20FA1B2C3}.Release|x64.ActiveCfg = Release|Any CPU
		{C5E69899-FCBC-4F41-B5FE-6FC20FA1B2C3}.Release|x64.Build.0 = Release|Any CPU
		{C5E69899-FCBC-4F41-B5FE-6FC20FA1B2C3}.Release|x86.ActiveCfg = Release|Any CPU
		{C5E69899-FCBC-4F41-B5FE-6FC20FA1B2C3}.Release|x86.Build.0 = Release|Any CPU
	EndGlobalSection
	GlobalSection(SolutionProperties) = preSolution
		HideSolutionNode = FALSE
	EndGlobalSection
EndGlobal
